{
  "name": "distinguish-meeting-verification",
  "version": "0.0.1",
  "lockfileVersion": 1,
  "requires": true,
  "dependencies": {
    "deeplearn": {
      "version": "0.3.0",
      "resolved": "http://registry.npm.taobao.org/deeplearn/download/deeplearn-0.3.0.tgz",
      "integrity": "sha1-4n+bjqJn7v9ao/PSVMmeuHsxY9Y=",
      "requires": {
        "seedrandom": "2.4.3"
      }
    },
    "seedrandom": {
      "version": "2.4.3",
      "resolved": "http://registry.npm.taobao.org/seedrandom/download/seedrandom-2.4.3.tgz",
      "integrity": "sha1-JDhQTa0zkXMUv/GKxNeU8W1qrsw="
    }
  }
}
